
Microsoft Visual Studio Solution File, Format Version 12.00
# Visual Studio 16
Project("{FAE04EC0-301F-11D3-BF4B-00C04F79EFBC}") = "Assembly-CSharp", "Assembly-CSharp.csproj", "{E2AAF5F4-539C-ECEA-234A-F4639CDA102D}"
EndProject
Project("{FAE04EC0-301F-11D3-BF4B-00C04F79EFBC}") = "Assembly-CSharp-firstpass", "Assembly-CSharp-firstpass.csproj", "{13CB96DE-3A8E-C49A-A7E2-037F8B21B4F7}"
EndProject
Project("{FAE04EC0-301F-11D3-BF4B-00C04F79EFBC}") = "Assembly-CSharp-Editor-firstpass", "Assembly-CSharp-Editor-firstpass.csproj", "{554F4735-DDFC-E515-E2B1-A210F3FB5899}"
EndProject
Global
	GlobalSection(SolutionConfigurationPlatforms) = preSolution
		Debug|Any CPU = Debug|Any CPU
		Release|Any CPU = Release|Any CPU
	EndGlobalSection
	GlobalSection(ProjectConfigurationPlatforms) = postSolution
		{E2AAF5F4-539C-ECEA-234A-F4639CDA102D}.Debug|Any CPU.ActiveCfg = Debug|Any CPU
		{E2AAF5F4-539C-ECEA-234A-F4639CDA102D}.Debug|Any CPU.Build.0 = Debug|Any CPU
		{E2AAF5F4-539C-ECEA-234A-F4639CDA102D}.Release|Any CPU.ActiveCfg = Release|Any CPU
		{E2AAF5F4-539C-ECEA-234A-F4639CDA102D}.Release|Any CPU.Build.0 = Release|Any CPU
		{13CB96DE-3A8E-C49A-A7E2-037F8B21B4F7}.Debug|Any CPU.ActiveCfg = Debug|Any CPU
		{13CB96DE-3A8E-C49A-A7E2-037F8B21B4F7}.Debug|Any CPU.Build.0 = Debug|Any CPU
		{13CB96DE-3A8E-C49A-A7E2-037F8B21B4F7}.Release|Any CPU.ActiveCfg = Release|Any CPU
		{13CB96DE-3A8E-C49A-A7E2-037F8B21B4F7}.Release|Any CPU.Build.0 = Release|Any CPU
		{554F4735-DDFC-E515-E2B1-A210F3FB5899}.Debug|Any CPU.ActiveCfg = Debug|Any CPU
		{554F4735-DDFC-E515-E2B1-A210F3FB5899}.Debug|Any CPU.Build.0 = Debug|Any CPU
		{554F4735-DDFC-E515-E2B1-A210F3FB5899}.Release|Any CPU.ActiveCfg = Release|Any CPU
		{554F4735-DDFC-E515-E2B1-A210F3FB5899}.Release|Any CPU.Build.0 = Release|Any CPU
	EndGlobalSection
	GlobalSection(SolutionProperties) = preSolution
		HideSolutionNode = FALSE
	EndGlobalSection
EndGlobal
